// !$*UTF8*$!
{
	archiveVersion = 1;
	classes = {
	};
	objectVersion = 46;
	objects = {

/* Begin PBXAggregateTarget section */
		1B6D4D146D514EFF9505DD8D /* ALL_BUILD */ = {
			isa = PBXAggregateTarget;
			buildConfigurationList = 6CD892A5239B4F1AA93B398C /* Build configuration list for PBXAggregateTarget "ALL_BUILD" */;
			buildPhases = (
				9BA547DA416147F7875D0247 /* CMake Rules */,
			);
			dependencies = (
				78A1E098F12E4C45B588B95F /* PBXTargetDependency */,
				2AC2B0C9FF9945EEB8496B7F /* PBXTargetDependency */,
				99CB5B3F6DFC4174A7112A7C /* PBXTargetDependency */,
			);
			name = ALL_BUILD;
			productName = ALL_BUILD;
		};
		393002D766F64EFBA6DD28AD /* ZERO_CHECK */ = {
			isa = PBXAggregateTarget;
			buildConfigurationList = E439F6DEA6FC48A2B2AE7D09 /* Build configuration list for PBXAggregateTarget "ZERO_CHECK" */;
			buildPhases = (
				6522D252ED2845DCBAC03694 /* CMake Rules */,
			);
			dependencies = (
			);
			name = ZERO_CHECK;
			productName = ZERO_CHECK;
		};
/* End PBXAggregateTarget section */

/* Begin PBXBuildFile section */
		13FAA4ED0E734B8D828CB375 /* /Users/johnseol/snake-linked-list-jseol073/src/ll.h */ = {isa = PBXBuildFile; fileRef = 01A64CBE5D2B422FABB3BA96 /* /Users/johnseol/snake-linked-list-jseol073/src/ll.h */; };
		2C0120A16782479FA0341F16 /* /Users/johnseol/snake-linked-list-jseol073/CMakeLists.txt */ = {isa = PBXBuildFile; fileRef = A9EF605213864BE581086725 /* /Users/johnseol/snake-linked-list-jseol073/CMakeLists.txt */; };
		4B8E8E92E89A488DBFAFCC75 /* /Users/johnseol/snake-linked-list-jseol073/test/catch.hpp */ = {isa = PBXBuildFile; fileRef = 19C1916F683542F0A1FB4419 /* /Users/johnseol/snake-linked-list-jseol073/test/catch.hpp */; };
		6EA2B2E94B8940E898409060 /* /Users/johnseol/snake-linked-list-jseol073/src/snakebody.h */ = {isa = PBXBuildFile; fileRef = 9559C260F4FE4334945C1480 /* /Users/johnseol/snake-linked-list-jseol073/src/snakebody.h */; };
		7461C4B25A5146A4A876C704 /* /Users/johnseol/snake-linked-list-jseol073/src/ll.cpp */ = {isa = PBXBuildFile; fileRef = 87A768241F3B49C092B4E788 /* /Users/johnseol/snake-linked-list-jseol073/src/ll.cpp */; };
		9E88BA0EC35543B6A640DEE7 /* /Users/johnseol/snake-linked-list-jseol073/CMakeLists.txt */ = {isa = PBXBuildFile; fileRef = E99CD66DBFA8415B9D66AF61 /* /Users/johnseol/snake-linked-list-jseol073/CMakeLists.txt */; };
		B223A9F484E54FB38980A804 /* /Users/johnseol/snake-linked-list-jseol073/src/ll.cpp */ = {isa = PBXBuildFile; fileRef = 4BA58F7E71074793A4BA0960 /* /Users/johnseol/snake-linked-list-jseol073/src/ll.cpp */; };
		CA18F916BA3F4E7F9C3C37E8 /* /Users/johnseol/snake-linked-list-jseol073/test/test.cpp */ = {isa = PBXBuildFile; fileRef = 31EEA091603944ECACF9945A /* /Users/johnseol/snake-linked-list-jseol073/test/test.cpp */; };
		CDFE5C01E64B4F90A954E543 /* /Users/johnseol/snake-linked-list-jseol073/src/snakebody.cpp */ = {isa = PBXBuildFile; fileRef = D4FD3FA68A184A1BBA6B1E82 /* /Users/johnseol/snake-linked-list-jseol073/src/snakebody.cpp */; };
/* End PBXBuildFile section */

/* Begin PBXBuildStyle section */
		05551765FFE34076A0130816 /* RelWithDebInfo */ = {
			isa = PBXBuildStyle;
			buildSettings = {
				COPY_PHASE_STRIP = NO;
			};
			name = RelWithDebInfo;
		};
		9AFB357CE29E4B76A933FA8C /* Release */ = {
			isa = PBXBuildStyle;
			buildSettings = {
				COPY_PHASE_STRIP = NO;
			};
			name = Release;
		};
		C5726E63FC744B3588FCC927 /* Debug */ = {
			isa = PBXBuildStyle;
			buildSettings = {
				COPY_PHASE_STRIP = NO;
			};
			name = Debug;
		};
		D8201725AFA64C79B72D5A42 /* MinSizeRel */ = {
			isa = PBXBuildStyle;
			buildSettings = {
				COPY_PHASE_STRIP = NO;
			};
			name = MinSizeRel;
		};
/* End PBXBuildStyle section */

/* Begin PBXContainerItemProxy section */
		0A6437AB5B404A28BB4D58B9 /* PBXContainerItemProxy */ = {
			isa = PBXContainerItemProxy;
			containerPortal = 030F27380D6048EA84999DD6 /* Project object */;
			proxyType = 1;
			remoteGlobalIDString = 42A3F1E98D9D4D79825C7F6D;
			remoteInfo = "unit-tests";
		};
		7F379D6125D1413B980CCA3E /* PBXContainerItemProxy */ = {
			isa = PBXContainerItemProxy;
			containerPortal = 030F27380D6048EA84999DD6 /* Project object */;
			proxyType = 1;
			remoteGlobalIDString = 393002D766F64EFBA6DD28AD;
			remoteInfo = ZERO_CHECK;
		};
		954D44D7D078473DBB16B8C5 /* PBXContainerItemProxy */ = {
			isa = PBXContainerItemProxy;
			containerPortal = 030F27380D6048EA84999DD6 /* Project object */;
			proxyType = 1;
			remoteGlobalIDString = 5A2463065E4A44F5B48231CA;
			remoteInfo = "snake-linked-list";
		};
		B557896E977C400394D82326 /* PBXContainerItemProxy */ = {
			isa = PBXContainerItemProxy;
			containerPortal = 030F27380D6048EA84999DD6 /* Project object */;
			proxyType = 1;
			remoteGlobalIDString = 393002D766F64EFBA6DD28AD;
			remoteInfo = ZERO_CHECK;
		};
		F05FCA294626453DA22ABFD3 /* PBXContainerItemProxy */ = {
			isa = PBXContainerItemProxy;
			containerPortal = 030F27380D6048EA84999DD6 /* Project object */;
			proxyType = 1;
			remoteGlobalIDString = 393002D766F64EFBA6DD28AD;
			remoteInfo = ZERO_CHECK;
		};
/* End PBXContainerItemProxy section */

/* Begin PBXFileReference section */
		01A64CBE5D2B422FABB3BA96 /* /Users/johnseol/snake-linked-list-jseol073/src/ll.h */ = {isa = PBXFileReference; explicitFileType = sourcecode.c.h; fileEncoding = 4; name = ll.h; path = src/ll.h; sourceTree = SOURCE_ROOT; };
		19C1916F683542F0A1FB4419 /* /Users/johnseol/snake-linked-list-jseol073/test/catch.hpp */ = {isa = PBXFileReference; explicitFileType = sourcecode.cpp.h; fileEncoding = 4; name = catch.hpp; path = test/catch.hpp; sourceTree = SOURCE_ROOT; };
		287D6D6BD730425CBB02B366 /* snake-linked-list */ = {isa = PBXFileReference; explicitFileType = "compiled.mach-o.executable"; path = "snake-linked-list"; sourceTree = BUILT_PRODUCTS_DIR; };
		31EEA091603944ECACF9945A /* /Users/johnseol/snake-linked-list-jseol073/test/test.cpp */ = {isa = PBXFileReference; explicitFileType = sourcecode.cpp.cpp; fileEncoding = 4; name = test.cpp; path = test/test.cpp; sourceTree = SOURCE_ROOT; };
		4BA58F7E71074793A4BA0960 /* /Users/johnseol/snake-linked-list-jseol073/src/ll.cpp */ = {isa = PBXFileReference; explicitFileType = sourcecode.cpp.cpp; fileEncoding = 4; name = ll.cpp; path = src/ll.cpp; sourceTree = SOURCE_ROOT; };
		8500DCA63D83406AA9F1CEFB /* unit-tests */ = {isa = PBXFileReference; explicitFileType = "compiled.mach-o.executable"; path = "unit-tests"; sourceTree = BUILT_PRODUCTS_DIR; };
		87A768241F3B49C092B4E788 /* /Users/johnseol/snake-linked-list-jseol073/src/ll.cpp */ = {isa = PBXFileReference; explicitFileType = sourcecode.cpp.cpp; fileEncoding = 4; name = ll.cpp; path = src/ll.cpp; sourceTree = SOURCE_ROOT; };
		9559C260F4FE4334945C1480 /* /Users/johnseol/snake-linked-list-jseol073/src/snakebody.h */ = {isa = PBXFileReference; explicitFileType = sourcecode.c.h; fileEncoding = 4; name = snakebody.h; path = src/snakebody.h; sourceTree = SOURCE_ROOT; };
		A9EF605213864BE581086725 /* /Users/johnseol/snake-linked-list-jseol073/CMakeLists.txt */ = {isa = PBXFileReference; explicitFileType = sourcecode.text; fileEncoding = 4; name = CMakeLists.txt; path = CMakeLists.txt; sourceTree = SOURCE_ROOT; };
		B301309CCB26447E8A24B48B /* /Users/johnseol/snake-linked-list-jseol073/CMakeLists.txt */ = {isa = PBXFileReference; explicitFileType = sourcecode.text; fileEncoding = 4; name = CMakeLists.txt; path = CMakeLists.txt; sourceTree = SOURCE_ROOT; };
		D4FD3FA68A184A1BBA6B1E82 /* /Users/johnseol/snake-linked-list-jseol073/src/snakebody.cpp */ = {isa = PBXFileReference; explicitFileType = sourcecode.cpp.cpp; fileEncoding = 4; name = snakebody.cpp; path = src/snakebody.cpp; sourceTree = SOURCE_ROOT; };
		E99CD66DBFA8415B9D66AF61 /* /Users/johnseol/snake-linked-list-jseol073/CMakeLists.txt */ = {isa = PBXFileReference; explicitFileType = sourcecode.text; fileEncoding = 4; name = CMakeLists.txt; path = CMakeLists.txt; sourceTree = SOURCE_ROOT; };
/* End PBXFileReference section */

/* Begin PBXGroup section */
		12E3EC3683504AC2B70508DA /* Source Files */ = {
			isa = PBXGroup;
			children = (
				87A768241F3B49C092B4E788 /* /Users/johnseol/snake-linked-list-jseol073/src/ll.cpp */,
				D4FD3FA68A184A1BBA6B1E82 /* /Users/johnseol/snake-linked-list-jseol073/src/snakebody.cpp */,
			);
			name = "Source Files";
			sourceTree = "<group>";
		};
		595B1822739E403A87DB2BCA /* Products */ = {
			isa = PBXGroup;
			children = (
				287D6D6BD730425CBB02B366 /* snake-linked-list */,
				8500DCA63D83406AA9F1CEFB /* unit-tests */,
			);
			name = Products;
			sourceTree = "<group>";
		};
		5963D4F04A1A4CAEBF2158AA /* CMake Rules */ = {
			isa = PBXGroup;
			children = (
			);
			name = "CMake Rules";
			sourceTree = "<group>";
		};
		5DBB0CA6A1FD43BDB3202B19 /* ALL_BUILD */ = {
			isa = PBXGroup;
			children = (
				5963D4F04A1A4CAEBF2158AA /* CMake Rules */,
				B301309CCB26447E8A24B48B /* /Users/johnseol/snake-linked-list-jseol073/CMakeLists.txt */,
			);
			name = ALL_BUILD;
			sourceTree = "<group>";
		};
		690FBFF037614417AAABE355 = {
			isa = PBXGroup;
			children = (
				BA3AEF6CD90742EA918004B8 /* unit-tests */,
				9119FA1E74E94C06B0D308E8 /* snake-linked-list */,
				5DBB0CA6A1FD43BDB3202B19 /* ALL_BUILD */,
				595B1822739E403A87DB2BCA /* Products */,
			);
			sourceTree = "<group>";
		};
		9119FA1E74E94C06B0D308E8 /* snake-linked-list */ = {
			isa = PBXGroup;
			children = (
				E2AF4ED2845B46B7BD91A111 /* Header Files */,
				12E3EC3683504AC2B70508DA /* Source Files */,
				E99CD66DBFA8415B9D66AF61 /* /Users/johnseol/snake-linked-list-jseol073/CMakeLists.txt */,
			);
			name = "snake-linked-list";
			sourceTree = "<group>";
		};
		BA3AEF6CD90742EA918004B8 /* unit-tests */ = {
			isa = PBXGroup;
			children = (
				FEAD2F75D6794E1094187A45 /* Source Files */,
				F3825363D9484E8788389E3F /* Header Files */,
				A9EF605213864BE581086725 /* /Users/johnseol/snake-linked-list-jseol073/CMakeLists.txt */,
			);
			name = "unit-tests";
			sourceTree = "<group>";
		};
		E2AF4ED2845B46B7BD91A111 /* Header Files */ = {
			isa = PBXGroup;
			children = (
				01A64CBE5D2B422FABB3BA96 /* /Users/johnseol/snake-linked-list-jseol073/src/ll.h */,
				9559C260F4FE4334945C1480 /* /Users/johnseol/snake-linked-list-jseol073/src/snakebody.h */,
			);
			name = "Header Files";
			sourceTree = "<group>";
		};
		F3825363D9484E8788389E3F /* Header Files */ = {
			isa = PBXGroup;
			children = (
				19C1916F683542F0A1FB4419 /* /Users/johnseol/snake-linked-list-jseol073/test/catch.hpp */,
			);
			name = "Header Files";
			sourceTree = "<group>";
		};
		FEAD2F75D6794E1094187A45 /* Source Files */ = {
			isa = PBXGroup;
			children = (
				4BA58F7E71074793A4BA0960 /* /Users/johnseol/snake-linked-list-jseol073/src/ll.cpp */,
				31EEA091603944ECACF9945A /* /Users/johnseol/snake-linked-list-jseol073/test/test.cpp */,
			);
			name = "Source Files";
			sourceTree = "<group>";
		};
/* End PBXGroup section */

/* Begin PBXNativeTarget section */
		42A3F1E98D9D4D79825C7F6D /* unit-tests */ = {
			isa = PBXNativeTarget;
			buildConfigurationList = C8F106C67C084BF9A707D31D /* Build configuration list for PBXNativeTarget "unit-tests" */;
			buildPhases = (
				049BF0532BCA4232859143CA /* Sources */,
			);
			buildRules = (
			);
			dependencies = (
				7FBAE95941314963A1BFFFA8 /* PBXTargetDependency */,
			);
			name = "unit-tests";
			productName = "unit-tests";
			productReference = 8500DCA63D83406AA9F1CEFB /* unit-tests */;
			productType = "com.apple.product-type.tool";
		};
		5A2463065E4A44F5B48231CA /* snake-linked-list */ = {
			isa = PBXNativeTarget;
			buildConfigurationList = 4ED6CA9B5BE4482192006938 /* Build configuration list for PBXNativeTarget "snake-linked-list" */;
			buildPhases = (
				CADE7FA101774DEEA9E6F780 /* Sources */,
			);
			buildRules = (
			);
			dependencies = (
				F4BB16836B3149AC9EA9F2E1 /* PBXTargetDependency */,
			);
			name = "snake-linked-list";
			productName = "snake-linked-list";
			productReference = 287D6D6BD730425CBB02B366 /* snake-linked-list */;
			productType = "com.apple.product-type.tool";
		};
/* End PBXNativeTarget section */

/* Begin PBXProject section */
		030F27380D6048EA84999DD6 /* Project object */ = {
			isa = PBXProject;
			attributes = {
				BuildIndependentTargetsInParallel = YES;
				LastUpgradeCheck = 0920;
			};
			buildConfigurationList = 6A352604C75D475CAD9321EC /* Build configuration list for PBXProject "snake-linked-list" */;
			buildSettings = {
			};
			buildStyles = (
				C5726E63FC744B3588FCC927 /* Debug */,
				9AFB357CE29E4B76A933FA8C /* Release */,
				D8201725AFA64C79B72D5A42 /* MinSizeRel */,
				05551765FFE34076A0130816 /* RelWithDebInfo */,
			);
			compatibilityVersion = "Xcode 3.2";
			hasScannedForEncodings = 0;
			mainGroup = 690FBFF037614417AAABE355;
			projectDirPath = .;
			projectRoot = "";
			targets = (
				1B6D4D146D514EFF9505DD8D /* ALL_BUILD */,
				393002D766F64EFBA6DD28AD /* ZERO_CHECK */,
				5A2463065E4A44F5B48231CA /* snake-linked-list */,
				42A3F1E98D9D4D79825C7F6D /* unit-tests */,
			);
		};
/* End PBXProject section */

/* Begin PBXShellScriptBuildPhase section */
		6522D252ED2845DCBAC03694 /* CMake Rules */ = {
			isa = PBXShellScriptBuildPhase;
			buildActionMask = 2147483647;
			files = (
			);
			name = "CMake Rules";
			runOnlyForDeploymentPostprocessing = 0;
			shellPath = /bin/sh;
			shellScript = "make -C /Users/johnseol/snake-linked-list-jseol073 -f /Users/johnseol/snake-linked-list-jseol073/CMakeScripts/ZERO_CHECK_cmakeRulesBuildPhase.make$CONFIGURATION all";
			showEnvVarsInLog = 0;
		};
		6C92398E8DD5448587BC28B1 = {
			isa = PBXShellScriptBuildPhase;
			buildActionMask = 2147483647;
			files = (
			);
			inputPaths = (
			);
			outputPaths = (
			);
			runOnlyForDeploymentPostprocessing = 0;
			shellPath = /bin/sh;
			shellScript = "# shell script goes here
exit 0";
			showEnvVarsInLog = 0;
		};
		9BA547DA416147F7875D0247 /* CMake Rules */ = {
			isa = PBXShellScriptBuildPhase;
			buildActionMask = 2147483647;
			files = (
			);
			name = "CMake Rules";
			runOnlyForDeploymentPostprocessing = 0;
			shellPath = /bin/sh;
			shellScript = "make -C /Users/johnseol/snake-linked-list-jseol073 -f /Users/johnseol/snake-linked-list-jseol073/CMakeScripts/ALL_BUILD_cmakeRulesBuildPhase.make$CONFIGURATION all";
			showEnvVarsInLog = 0;
		};
		F618A9C20E4E42E49A7E3085 = {
			isa = PBXShellScriptBuildPhase;
			buildActionMask = 2147483647;
			files = (
			);
			inputPaths = (
			);
			outputPaths = (
			);
			runOnlyForDeploymentPostprocessing = 0;
			shellPath = /bin/sh;
			shellScript = "# shell script goes here
exit 0";
			showEnvVarsInLog = 0;
		};
/* End PBXShellScriptBuildPhase section */

/* Begin PBXSourcesBuildPhase section */
		049BF0532BCA4232859143CA /* Sources */ = {
			isa = PBXSourcesBuildPhase;
			buildActionMask = 2147483647;
			files = (
				B223A9F484E54FB38980A804 /* /Users/johnseol/snake-linked-list-jseol073/src/ll.cpp */,
				CA18F916BA3F4E7F9C3C37E8 /* /Users/johnseol/snake-linked-list-jseol073/test/test.cpp */,
			);
			runOnlyForDeploymentPostprocessing = 0;
		};
		CADE7FA101774DEEA9E6F780 /* Sources */ = {
			isa = PBXSourcesBuildPhase;
			buildActionMask = 2147483647;
			files = (
				7461C4B25A5146A4A876C704 /* /Users/johnseol/snake-linked-list-jseol073/src/ll.cpp */,
				CDFE5C01E64B4F90A954E543 /* /Users/johnseol/snake-linked-list-jseol073/src/snakebody.cpp */,
			);
			runOnlyForDeploymentPostprocessing = 0;
		};
/* End PBXSourcesBuildPhase section */

/* Begin PBXTargetDependency section */
		2AC2B0C9FF9945EEB8496B7F /* PBXTargetDependency */ = {
			isa = PBXTargetDependency;
			target = 393002D766F64EFBA6DD28AD /* ZERO_CHECK */;
			targetProxy = B557896E977C400394D82326 /* PBXContainerItemProxy */;
		};
		78A1E098F12E4C45B588B95F /* PBXTargetDependency */ = {
			isa = PBXTargetDependency;
			target = 42A3F1E98D9D4D79825C7F6D /* unit-tests */;
			targetProxy = 0A6437AB5B404A28BB4D58B9 /* PBXContainerItemProxy */;
		};
		7FBAE95941314963A1BFFFA8 /* PBXTargetDependency */ = {
			isa = PBXTargetDependency;
			target = 393002D766F64EFBA6DD28AD /* ZERO_CHECK */;
			targetProxy = F05FCA294626453DA22ABFD3 /* PBXContainerItemProxy */;
		};
		99CB5B3F6DFC4174A7112A7C /* PBXTargetDependency */ = {
			isa = PBXTargetDependency;
			target = 5A2463065E4A44F5B48231CA /* snake-linked-list */;
			targetProxy = 954D44D7D078473DBB16B8C5 /* PBXContainerItemProxy */;
		};
		F4BB16836B3149AC9EA9F2E1 /* PBXTargetDependency */ = {
			isa = PBXTargetDependency;
			target = 393002D766F64EFBA6DD28AD /* ZERO_CHECK */;
			targetProxy = 7F379D6125D1413B980CCA3E /* PBXContainerItemProxy */;
		};
/* End PBXTargetDependency section */

/* Begin XCBuildConfiguration section */
		077E86CBB0474C42947DC3B8 /* Release */ = {
			isa = XCBuildConfiguration;
			buildSettings = {
				COMBINE_HIDPI_IMAGES = YES;
				EXECUTABLE_PREFIX = "";
				EXECUTABLE_SUFFIX = "";
				GCC_GENERATE_DEBUGGING_SYMBOLS = NO;
				GCC_INLINES_ARE_PRIVATE_EXTERN = NO;
				GCC_OPTIMIZATION_LEVEL = 3;
				GCC_PREPROCESSOR_DEFINITIONS = ("'CMAKE_INTDIR=\"$(CONFIGURATION)$(EFFECTIVE_PLATFORM_NAME)\"'");
				GCC_SYMBOLS_PRIVATE_EXTERN = NO;
				INSTALL_PATH = "";
				LIBRARY_SEARCH_PATHS = "";
				OTHER_CPLUSPLUSFLAGS = "    -DNDEBUG '-std=gnu++14'  ";
				OTHER_LDFLAGS = " -Wl,-search_paths_first -Wl,-headerpad_max_install_names  ";
				OTHER_REZFLAGS = "";
				PRODUCT_NAME = "unit-tests";
				SECTORDER_FLAGS = "";
				SYMROOT = "/Users/johnseol/snake-linked-list-jseol073";
				USE_HEADERMAP = NO;
				WARNING_CFLAGS = ("-Wmost","-Wno-four-char-constants","-Wno-unknown-pragmas","$(inherited)");
			};
			name = Release;
		};
		15C53AA647D54CBFAD3670DB /* MinSizeRel */ = {
			isa = XCBuildConfiguration;
			buildSettings = {
				COMBINE_HIDPI_IMAGES = YES;
				GCC_GENERATE_DEBUGGING_SYMBOLS = YES;
				GCC_INLINES_ARE_PRIVATE_EXTERN = NO;
				GCC_OPTIMIZATION_LEVEL = 0;
				GCC_PREPROCESSOR_DEFINITIONS = ("'CMAKE_INTDIR=\"$(CONFIGURATION)$(EFFECTIVE_PLATFORM_NAME)\"'");
				GCC_SYMBOLS_PRIVATE_EXTERN = NO;
				INSTALL_PATH = "";
				OTHER_LDFLAGS = " ";
				OTHER_REZFLAGS = "";
				PRODUCT_NAME = ALL_BUILD;
				SECTORDER_FLAGS = "";
				SYMROOT = "/Users/johnseol/snake-linked-list-jseol073";
				USE_HEADERMAP = NO;
				WARNING_CFLAGS = ("-Wmost","-Wno-four-char-constants","-Wno-unknown-pragmas","$(inherited)");
			};
			name = MinSizeRel;
		};
		3A63EF726B3642AA808BEB8E /* RelWithDebInfo */ = {
			isa = XCBuildConfiguration;
			buildSettings = {
				COMBINE_HIDPI_IMAGES = YES;
				GCC_GENERATE_DEBUGGING_SYMBOLS = YES;
				GCC_INLINES_ARE_PRIVATE_EXTERN = NO;
				GCC_OPTIMIZATION_LEVEL = 0;
				GCC_PREPROCESSOR_DEFINITIONS = ("'CMAKE_INTDIR=\"$(CONFIGURATION)$(EFFECTIVE_PLATFORM_NAME)\"'");
				GCC_SYMBOLS_PRIVATE_EXTERN = NO;
				INSTALL_PATH = "";
				OTHER_LDFLAGS = " ";
				OTHER_REZFLAGS = "";
				PRODUCT_NAME = ZERO_CHECK;
				SECTORDER_FLAGS = "";
				SYMROOT = "/Users/johnseol/snake-linked-list-jseol073";
				USE_HEADERMAP = NO;
				WARNING_CFLAGS = ("-Wmost","-Wno-four-char-constants","-Wno-unknown-pragmas","$(inherited)");
			};
			name = RelWithDebInfo;
		};
		3DD404884A45468CA55FD6A4 /* Release */ = {
			isa = XCBuildConfiguration;
			buildSettings = {
				COMBINE_HIDPI_IMAGES = YES;
				GCC_GENERATE_DEBUGGING_SYMBOLS = YES;
				GCC_INLINES_ARE_PRIVATE_EXTERN = NO;
				GCC_OPTIMIZATION_LEVEL = 0;
				GCC_PREPROCESSOR_DEFINITIONS = ("'CMAKE_INTDIR=\"$(CONFIGURATION)$(EFFECTIVE_PLATFORM_NAME)\"'");
				GCC_SYMBOLS_PRIVATE_EXTERN = NO;
				INSTALL_PATH = "";
				OTHER_LDFLAGS = " ";
				OTHER_REZFLAGS = "";
				PRODUCT_NAME = ZERO_CHECK;
				SECTORDER_FLAGS = "";
				SYMROOT = "/Users/johnseol/snake-linked-list-jseol073";
				USE_HEADERMAP = NO;
				WARNING_CFLAGS = ("-Wmost","-Wno-four-char-constants","-Wno-unknown-pragmas","$(inherited)");
			};
			name = Release;
		};
		3FA57315AB7F415B96DB2FBC /* RelWithDebInfo */ = {
			isa = XCBuildConfiguration;
			buildSettings = {
				COMBINE_HIDPI_IMAGES = YES;
				GCC_GENERATE_DEBUGGING_SYMBOLS = YES;
				GCC_INLINES_ARE_PRIVATE_EXTERN = NO;
				GCC_OPTIMIZATION_LEVEL = 0;
				GCC_PREPROCESSOR_DEFINITIONS = ("'CMAKE_INTDIR=\"$(CONFIGURATION)$(EFFECTIVE_PLATFORM_NAME)\"'");
				GCC_SYMBOLS_PRIVATE_EXTERN = NO;
				INSTALL_PATH = "";
				OTHER_LDFLAGS = " ";
				OTHER_REZFLAGS = "";
				PRODUCT_NAME = ALL_BUILD;
				SECTORDER_FLAGS = "";
				SYMROOT = "/Users/johnseol/snake-linked-list-jseol073";
				USE_HEADERMAP = NO;
				WARNING_CFLAGS = ("-Wmost","-Wno-four-char-constants","-Wno-unknown-pragmas","$(inherited)");
			};
			name = RelWithDebInfo;
		};
		3FE18EA56C4D4BB68CDA1799 /* Release */ = {
			isa = XCBuildConfiguration;
			buildSettings = {
				COMBINE_HIDPI_IMAGES = YES;
				GCC_GENERATE_DEBUGGING_SYMBOLS = YES;
				GCC_INLINES_ARE_PRIVATE_EXTERN = NO;
				GCC_OPTIMIZATION_LEVEL = 0;
				GCC_PREPROCESSOR_DEFINITIONS = ("'CMAKE_INTDIR=\"$(CONFIGURATION)$(EFFECTIVE_PLATFORM_NAME)\"'");
				GCC_SYMBOLS_PRIVATE_EXTERN = NO;
				INSTALL_PATH = "";
				OTHER_LDFLAGS = " ";
				OTHER_REZFLAGS = "";
				PRODUCT_NAME = ALL_BUILD;
				SECTORDER_FLAGS = "";
				SYMROOT = "/Users/johnseol/snake-linked-list-jseol073";
				USE_HEADERMAP = NO;
				WARNING_CFLAGS = ("-Wmost","-Wno-four-char-constants","-Wno-unknown-pragmas","$(inherited)");
			};
			name = Release;
		};
		4D56E407E82B4536847E4706 /* Release */ = {
			isa = XCBuildConfiguration;
			buildSettings = {
				COMBINE_HIDPI_IMAGES = YES;
				EXECUTABLE_PREFIX = "";
				EXECUTABLE_SUFFIX = "";
				GCC_GENERATE_DEBUGGING_SYMBOLS = NO;
				GCC_INLINES_ARE_PRIVATE_EXTERN = NO;
				GCC_OPTIMIZATION_LEVEL = 3;
				GCC_PREPROCESSOR_DEFINITIONS = ("'CMAKE_INTDIR=\"$(CONFIGURATION)$(EFFECTIVE_PLATFORM_NAME)\"'");
				GCC_SYMBOLS_PRIVATE_EXTERN = NO;
				INSTALL_PATH = "";
				LIBRARY_SEARCH_PATHS = "";
				OTHER_CPLUSPLUSFLAGS = "    -DNDEBUG '-std=gnu++14'  ";
				OTHER_LDFLAGS = " -Wl,-search_paths_first -Wl,-headerpad_max_install_names  ";
				OTHER_REZFLAGS = "";
				PRODUCT_NAME = "snake-linked-list";
				SECTORDER_FLAGS = "";
				SYMROOT = "/Users/johnseol/snake-linked-list-jseol073";
				USE_HEADERMAP = NO;
				WARNING_CFLAGS = ("-Wmost","-Wno-four-char-constants","-Wno-unknown-pragmas","$(inherited)");
			};
			name = Release;
		};
		5FFE5A05D15D40DE9AC3CCE2 /* RelWithDebInfo */ = {
			isa = XCBuildConfiguration;
			buildSettings = {
				COMBINE_HIDPI_IMAGES = YES;
				EXECUTABLE_PREFIX = "";
				EXECUTABLE_SUFFIX = "";
				GCC_GENERATE_DEBUGGING_SYMBOLS = YES;
				GCC_INLINES_ARE_PRIVATE_EXTERN = NO;
				GCC_OPTIMIZATION_LEVEL = 2;
				GCC_PREPROCESSOR_DEFINITIONS = ("'CMAKE_INTDIR=\"$(CONFIGURATION)$(EFFECTIVE_PLATFORM_NAME)\"'");
				GCC_SYMBOLS_PRIVATE_EXTERN = NO;
				INSTALL_PATH = "";
				LIBRARY_SEARCH_PATHS = "";
				OTHER_CPLUSPLUSFLAGS = "       -DNDEBUG '-std=gnu++14'  ";
				OTHER_LDFLAGS = " -Wl,-search_paths_first -Wl,-headerpad_max_install_names  ";
				OTHER_REZFLAGS = "";
				PRODUCT_NAME = "unit-tests";
				SECTORDER_FLAGS = "";
				SYMROOT = "/Users/johnseol/snake-linked-list-jseol073";
				USE_HEADERMAP = NO;
				WARNING_CFLAGS = ("-Wmost","-Wno-four-char-constants","-Wno-unknown-pragmas","$(inherited)");
			};
			name = RelWithDebInfo;
		};
		6476448ED0AA4294B051D05B /* Debug */ = {
			isa = XCBuildConfiguration;
			buildSettings = {
				COMBINE_HIDPI_IMAGES = YES;
				GCC_GENERATE_DEBUGGING_SYMBOLS = YES;
				GCC_INLINES_ARE_PRIVATE_EXTERN = NO;
				GCC_OPTIMIZATION_LEVEL = 0;
				GCC_PREPROCESSOR_DEFINITIONS = ("'CMAKE_INTDIR=\"$(CONFIGURATION)$(EFFECTIVE_PLATFORM_NAME)\"'");
				GCC_SYMBOLS_PRIVATE_EXTERN = NO;
				INSTALL_PATH = "";
				OTHER_LDFLAGS = " ";
				OTHER_REZFLAGS = "";
				PRODUCT_NAME = ALL_BUILD;
				SECTORDER_FLAGS = "";
				SYMROOT = "/Users/johnseol/snake-linked-list-jseol073";
				USE_HEADERMAP = NO;
				WARNING_CFLAGS = ("-Wmost","-Wno-four-char-constants","-Wno-unknown-pragmas","$(inherited)");
			};
			name = Debug;
		};
		79334236648C43B8942A688B /* Debug */ = {
			isa = XCBuildConfiguration;
			buildSettings = {
				COMBINE_HIDPI_IMAGES = YES;
				EXECUTABLE_PREFIX = "";
				EXECUTABLE_SUFFIX = "";
				GCC_GENERATE_DEBUGGING_SYMBOLS = YES;
				GCC_INLINES_ARE_PRIVATE_EXTERN = NO;
				GCC_OPTIMIZATION_LEVEL = 0;
				GCC_PREPROCESSOR_DEFINITIONS = ("'CMAKE_INTDIR=\"$(CONFIGURATION)$(EFFECTIVE_PLATFORM_NAME)\"'");
				GCC_SYMBOLS_PRIVATE_EXTERN = NO;
				INSTALL_PATH = "";
				LIBRARY_SEARCH_PATHS = "";
				OTHER_CPLUSPLUSFLAGS = "   '-std=gnu++14'  ";
				OTHER_LDFLAGS = " -Wl,-search_paths_first -Wl,-headerpad_max_install_names  ";
				OTHER_REZFLAGS = "";
				PRODUCT_NAME = "unit-tests";
				SECTORDER_FLAGS = "";
				SYMROOT = "/Users/johnseol/snake-linked-list-jseol073";
				USE_HEADERMAP = NO;
				WARNING_CFLAGS = ("-Wmost","-Wno-four-char-constants","-Wno-unknown-pragmas","$(inherited)");
			};
			name = Debug;
		};
		B35E4CF260FF43E79C6965A9 /* MinSizeRel */ = {
			isa = XCBuildConfiguration;
			buildSettings = {
				COMBINE_HIDPI_IMAGES = YES;
				EXECUTABLE_PREFIX = "";
				EXECUTABLE_SUFFIX = "";
				GCC_GENERATE_DEBUGGING_SYMBOLS = NO;
				GCC_INLINES_ARE_PRIVATE_EXTERN = NO;
				GCC_OPTIMIZATION_LEVEL = s;
				GCC_PREPROCESSOR_DEFINITIONS = ("'CMAKE_INTDIR=\"$(CONFIGURATION)$(EFFECTIVE_PLATFORM_NAME)\"'");
				GCC_SYMBOLS_PRIVATE_EXTERN = NO;
				INSTALL_PATH = "";
				LIBRARY_SEARCH_PATHS = "";
				OTHER_CPLUSPLUSFLAGS = "    -DNDEBUG '-std=gnu++14'  ";
				OTHER_LDFLAGS = " -Wl,-search_paths_first -Wl,-headerpad_max_install_names  ";
				OTHER_REZFLAGS = "";
				PRODUCT_NAME = "unit-tests";
				SECTORDER_FLAGS = "";
				SYMROOT = "/Users/johnseol/snake-linked-list-jseol073";
				USE_HEADERMAP = NO;
				WARNING_CFLAGS = ("-Wmost","-Wno-four-char-constants","-Wno-unknown-pragmas","$(inherited)");
			};
			name = MinSizeRel;
		};
		B8544597AA03420CBFD38BDA /* RelWithDebInfo */ = {
			isa = XCBuildConfiguration;
			buildSettings = {
				ONLY_ACTIVE_ARCH = YES;
				SDKROOT = /Applications/Xcode.app/Contents/Developer/Platforms/MacOSX.platform/Developer/SDKs/MacOSX10.13.sdk;
				SYMROOT = "/Users/johnseol/snake-linked-list-jseol073/build";
			};
			name = RelWithDebInfo;
		};
		BFDAFA8AB3164FB590932D73 /* MinSizeRel */ = {
			isa = XCBuildConfiguration;
			buildSettings = {
				ONLY_ACTIVE_ARCH = YES;
				SDKROOT = /Applications/Xcode.app/Contents/Developer/Platforms/MacOSX.platform/Developer/SDKs/MacOSX10.13.sdk;
				SYMROOT = "/Users/johnseol/snake-linked-list-jseol073/build";
			};
			name = MinSizeRel;
		};
		C36217DF14B2417095C04CE3 /* Debug */ = {
			isa = XCBuildConfiguration;
			buildSettings = {
				COMBINE_HIDPI_IMAGES = YES;
				EXECUTABLE_PREFIX = "";
				EXECUTABLE_SUFFIX = "";
				GCC_GENERATE_DEBUGGING_SYMBOLS = YES;
				GCC_INLINES_ARE_PRIVATE_EXTERN = NO;
				GCC_OPTIMIZATION_LEVEL = 0;
				GCC_PREPROCESSOR_DEFINITIONS = ("'CMAKE_INTDIR=\"$(CONFIGURATION)$(EFFECTIVE_PLATFORM_NAME)\"'");
				GCC_SYMBOLS_PRIVATE_EXTERN = NO;
				INSTALL_PATH = "";
				LIBRARY_SEARCH_PATHS = "";
				OTHER_CPLUSPLUSFLAGS = "   '-std=gnu++14'  ";
				OTHER_LDFLAGS = " -Wl,-search_paths_first -Wl,-headerpad_max_install_names  ";
				OTHER_REZFLAGS = "";
				PRODUCT_NAME = "snake-linked-list";
				SECTORDER_FLAGS = "";
				SYMROOT = "/Users/johnseol/snake-linked-list-jseol073";
				USE_HEADERMAP = NO;
				WARNING_CFLAGS = ("-Wmost","-Wno-four-char-constants","-Wno-unknown-pragmas","$(inherited)");
			};
			name = Debug;
		};
		C6133787DE2348A1A041EF99 /* Release */ = {
			isa = XCBuildConfiguration;
			buildSettings = {
				ONLY_ACTIVE_ARCH = YES;
				SDKROOT = /Applications/Xcode.app/Contents/Developer/Platforms/MacOSX.platform/Developer/SDKs/MacOSX10.13.sdk;
				SYMROOT = "/Users/johnseol/snake-linked-list-jseol073/build";
			};
			name = Release;
		};
		CAE8767D98474F3FA972075E /* RelWithDebInfo */ = {
			isa = XCBuildConfiguration;
			buildSettings = {
				COMBINE_HIDPI_IMAGES = YES;
				EXECUTABLE_PREFIX = "";
				EXECUTABLE_SUFFIX = "";
				GCC_GENERATE_DEBUGGING_SYMBOLS = YES;
				GCC_INLINES_ARE_PRIVATE_EXTERN = NO;
				GCC_OPTIMIZATION_LEVEL = 2;
				GCC_PREPROCESSOR_DEFINITIONS = ("'CMAKE_INTDIR=\"$(CONFIGURATION)$(EFFECTIVE_PLATFORM_NAME)\"'");
				GCC_SYMBOLS_PRIVATE_EXTERN = NO;
				INSTALL_PATH = "";
				LIBRARY_SEARCH_PATHS = "";
				OTHER_CPLUSPLUSFLAGS = "       -DNDEBUG '-std=gnu++14'  ";
				OTHER_LDFLAGS = " -Wl,-search_paths_first -Wl,-headerpad_max_install_names  ";
				OTHER_REZFLAGS = "";
				PRODUCT_NAME = "snake-linked-list";
				SECTORDER_FLAGS = "";
				SYMROOT = "/Users/johnseol/snake-linked-list-jseol073";
				USE_HEADERMAP = NO;
				WARNING_CFLAGS = ("-Wmost","-Wno-four-char-constants","-Wno-unknown-pragmas","$(inherited)");
			};
			name = RelWithDebInfo;
		};
		E34F2246B8054D80A2F1268D /* MinSizeRel */ = {
			isa = XCBuildConfiguration;
			buildSettings = {
				COMBINE_HIDPI_IMAGES = YES;
				GCC_GENERATE_DEBUGGING_SYMBOLS = YES;
				GCC_INLINES_ARE_PRIVATE_EXTERN = NO;
				GCC_OPTIMIZATION_LEVEL = 0;
				GCC_PREPROCESSOR_DEFINITIONS = ("'CMAKE_INTDIR=\"$(CONFIGURATION)$(EFFECTIVE_PLATFORM_NAME)\"'");
				GCC_SYMBOLS_PRIVATE_EXTERN = NO;
				INSTALL_PATH = "";
				OTHER_LDFLAGS = " ";
				OTHER_REZFLAGS = "";
				PRODUCT_NAME = ZERO_CHECK;
				SECTORDER_FLAGS = "";
				SYMROOT = "/Users/johnseol/snake-linked-list-jseol073";
				USE_HEADERMAP = NO;
				WARNING_CFLAGS = ("-Wmost","-Wno-four-char-constants","-Wno-unknown-pragmas","$(inherited)");
			};
			name = MinSizeRel;
		};
		EBFE168C02BF47C7892C9F0A /* Debug */ = {
			isa = XCBuildConfiguration;
			buildSettings = {
				ONLY_ACTIVE_ARCH = YES;
				SDKROOT = /Applications/Xcode.app/Contents/Developer/Platforms/MacOSX.platform/Developer/SDKs/MacOSX10.13.sdk;
				SYMROOT = "/Users/johnseol/snake-linked-list-jseol073/build";
			};
			name = Debug;
		};
		EFE66CF5362B4A66A5B239E4 /* Debug */ = {
			isa = XCBuildConfiguration;
			buildSettings = {
				COMBINE_HIDPI_IMAGES = YES;
				GCC_GENERATE_DEBUGGING_SYMBOLS = YES;
				GCC_INLINES_ARE_PRIVATE_EXTERN = NO;
				GCC_OPTIMIZATION_LEVEL = 0;
				GCC_PREPROCESSOR_DEFINITIONS = ("'CMAKE_INTDIR=\"$(CONFIGURATION)$(EFFECTIVE_PLATFORM_NAME)\"'");
				GCC_SYMBOLS_PRIVATE_EXTERN = NO;
				INSTALL_PATH = "";
				OTHER_LDFLAGS = " ";
				OTHER_REZFLAGS = "";
				PRODUCT_NAME = ZERO_CHECK;
				SECTORDER_FLAGS = "";
				SYMROOT = "/Users/johnseol/snake-linked-list-jseol073";
				USE_HEADERMAP = NO;
				WARNING_CFLAGS = ("-Wmost","-Wno-four-char-constants","-Wno-unknown-pragmas","$(inherited)");
			};
			name = Debug;
		};
		F7E320B615064BEDBA082C16 /* MinSizeRel */ = {
			isa = XCBuildConfiguration;
			buildSettings = {
				COMBINE_HIDPI_IMAGES = YES;
				EXECUTABLE_PREFIX = "";
				EXECUTABLE_SUFFIX = "";
				GCC_GENERATE_DEBUGGING_SYMBOLS = NO;
				GCC_INLINES_ARE_PRIVATE_EXTERN = NO;
				GCC_OPTIMIZATION_LEVEL = s;
				GCC_PREPROCESSOR_DEFINITIONS = ("'CMAKE_INTDIR=\"$(CONFIGURATION)$(EFFECTIVE_PLATFORM_NAME)\"'");
				GCC_SYMBOLS_PRIVATE_EXTERN = NO;
				INSTALL_PATH = "";
				LIBRARY_SEARCH_PATHS = "";
				OTHER_CPLUSPLUSFLAGS = "    -DNDEBUG '-std=gnu++14'  ";
				OTHER_LDFLAGS = " -Wl,-search_paths_first -Wl,-headerpad_max_install_names  ";
				OTHER_REZFLAGS = "";
				PRODUCT_NAME = "snake-linked-list";
				SECTORDER_FLAGS = "";
				SYMROOT = "/Users/johnseol/snake-linked-list-jseol073";
				USE_HEADERMAP = NO;
				WARNING_CFLAGS = ("-Wmost","-Wno-four-char-constants","-Wno-unknown-pragmas","$(inherited)");
			};
			name = MinSizeRel;
		};
/* End XCBuildConfiguration section */

/* Begin XCConfigurationList section */
		4ED6CA9B5BE4482192006938 /* Build configuration list for PBXNativeTarget "snake-linked-list" */ = {
			isa = XCConfigurationList;
			buildConfigurations = (
				C36217DF14B2417095C04CE3 /* Debug */,
				4D56E407E82B4536847E4706 /* Release */,
				F7E320B615064BEDBA082C16 /* MinSizeRel */,
				CAE8767D98474F3FA972075E /* RelWithDebInfo */,
			);
			defaultConfigurationIsVisible = 0;
			defaultConfigurationName = Debug;
		};
		6A352604C75D475CAD9321EC /* Build configuration list for PBXProject "snake-linked-list" */ = {
			isa = XCConfigurationList;
			buildConfigurations = (
				EBFE168C02BF47C7892C9F0A /* Debug */,
				C6133787DE2348A1A041EF99 /* Release */,
				BFDAFA8AB3164FB590932D73 /* MinSizeRel */,
				B8544597AA03420CBFD38BDA /* RelWithDebInfo */,
			);
			defaultConfigurationIsVisible = 0;
			defaultConfigurationName = Debug;
		};
		6CD892A5239B4F1AA93B398C /* Build configuration list for PBXAggregateTarget "ALL_BUILD" */ = {
			isa = XCConfigurationList;
			buildConfigurations = (
				6476448ED0AA4294B051D05B /* Debug */,
				3FE18EA56C4D4BB68CDA1799 /* Release */,
				15C53AA647D54CBFAD3670DB /* MinSizeRel */,
				3FA57315AB7F415B96DB2FBC /* RelWithDebInfo */,
			);
			defaultConfigurationIsVisible = 0;
			defaultConfigurationName = Debug;
		};
		C8F106C67C084BF9A707D31D /* Build configuration list for PBXNativeTarget "unit-tests" */ = {
			isa = XCConfigurationList;
			buildConfigurations = (
				79334236648C43B8942A688B /* Debug */,
				077E86CBB0474C42947DC3B8 /* Release */,
				B35E4CF260FF43E79C6965A9 /* MinSizeRel */,
				5FFE5A05D15D40DE9AC3CCE2 /* RelWithDebInfo */,
			);
			defaultConfigurationIsVisible = 0;
			defaultConfigurationName = Debug;
		};
		E439F6DEA6FC48A2B2AE7D09 /* Build configuration list for PBXAggregateTarget "ZERO_CHECK" */ = {
			isa = XCConfigurationList;
			buildConfigurations = (
				EFE66CF5362B4A66A5B239E4 /* Debug */,
				3DD404884A45468CA55FD6A4 /* Release */,
				E34F2246B8054D80A2F1268D /* MinSizeRel */,
				3A63EF726B3642AA808BEB8E /* RelWithDebInfo */,
			);
			defaultConfigurationIsVisible = 0;
			defaultConfigurationName = Debug;
		};
/* End XCConfigurationList section */
	};
	rootObject = 030F27380D6048EA84999DD6 /* Project object */;
}
